<?xml version="1.0" encoding="utf-8"?>
<Project ToolsVersion="4.0" xmlns="http://schemas.microsoft.com/developer/msbuild/2003">
  <ItemGroup>
    <Filter Include="Source Files">
      <UniqueIdentifier>{4FC737F1-C7A5-4376-A066-2A32D752A2FF}</UniqueIdentifier>
      <Extensions>cpp;c;cc;cxx;def;odl;idl;hpj;bat;asm;asmx</Extensions>
    </Filter>
    <Filter Include="Header Files">
      <UniqueIdentifier>{93995380-89BD-4b04-88EB-625FBE52EBFB}</UniqueIdentifier>
      <Extensions>h;hpp;hxx;hm;inl;inc;xsd</Extensions>
    </Filter>
    <Filter Include="Resource Files">
      <UniqueIdentifier>{67DA6AB6-F800-4c08-8B7A-83BB121AAD01}</UniqueIdentifier>
      <Extensions>rc;ico;cur;bmp;dlg;rc2;rct;bin;rgs;gif;jpg;jpeg;jpe;resx;tiff;tif;png;wav;mfcribbon-ms</Extensions>
    </Filter>
    <Filter Include="Shader Files">
      <UniqueIdentifier>{c9654183-c926-4a5e-bb7a-3998ac63ed70}</UniqueIdentifier>
    </Filter>
    <Filter Include="Header Files\ShaderClasses">
      <UniqueIdentifier>{a8a092a3-0350-4dc9-9361-87eb10edfbbf}</UniqueIdentifier>
    </Filter>
    <Filter Include="Header Files\Graphics">
      <UniqueIdentifier>{44cfd6b9-995a-4f3b-86ac-5bcc9f587b2d}</UniqueIdentifier>
    </Filter>
    <Filter Include="Header Files\Model">
      <UniqueIdentifier>{fdaf6a3a-fbf7-45e7-84b7-94b5be8607e9}</UniqueIdentifier>
    </Filter>
    <Filter Include="Header Files\System">
      <UniqueIdentifier>{e3080ac3-917c-4005-9ac8-5d03bed98297}</UniqueIdentifier>
    </Filter>
    <Filter Include="Source Files\Graphics">
      <UniqueIdentifier>{120f5acf-ff72-4857-bd20-711bfa7e059f}</UniqueIdentifier>
    </Filter>
    <Filter Include="Source Files\ShaderClasses">
      <UniqueIdentifier>{1933b169-6364-4bfd-b69d-22274c219a47}</UniqueIdentifier>
    </Filter>
    <Filter Include="Source Files\System">
      <UniqueIdentifier>{38c5834b-f3b9-4687-adc5-0df286f57ee9}</UniqueIdentifier>
    </Filter>
    <Filter Include="Source Files\Model">
      <UniqueIdentifier>{d3a9886e-f8ef-4937-9b80-32e3014c930d}</UniqueIdentifier>
    </Filter>
    <Filter Include="Shaders">
      <UniqueIdentifier>{0486a703-106c-4c4c-9a3c-d18f76616c87}</UniqueIdentifier>
    </Filter>
    <Filter Include="Header Files\Importers">
      <UniqueIdentifier>{f90a08b4-b715-46f4-9c6b-ff245de3afc6}</UniqueIdentifier>
    </Filter>
    <Filter Include="Source Files\Importers">
      <UniqueIdentifier>{2fec37a1-f2ba-48a4-ae96-5eef3add1b3d}</UniqueIdentifier>
    </Filter>
    <Filter Include="Header Files\SceneNodes">
      <UniqueIdentifier>{d411f719-9ac0-4704-8580-ab67b6893aac}</UniqueIdentifier>
    </Filter>
    <Filter Include="Source Files\SceneNodes">
      <UniqueIdentifier>{7361f83e-074c-4769-9828-06f8139ec659}</UniqueIdentifier>
    </Filter>
  </ItemGroup>
  <ItemGroup>
    <ClCompile Include="main.cpp">
      <Filter>Source Files</Filter>
    </ClCompile>
    <ClCompile Include="cameraclass.cpp">
      <Filter>Source Files\Graphics</Filter>
    </ClCompile>
    <ClCompile Include="textureclass.cpp">
      <Filter>Source Files\Graphics</Filter>
    </ClCompile>
    <ClCompile Include="lightclass.cpp">
      <Filter>Source Files\Graphics</Filter>
    </ClCompile>
    <ClCompile Include="d3dclass.cpp">
      <Filter>Source Files\Graphics</Filter>
    </ClCompile>
    <ClCompile Include="textureshaderclass.cpp">
      <Filter>Source Files\ShaderClasses</Filter>
    </ClCompile>
    <ClCompile Include="lightshaderclass.cpp">
      <Filter>Source Files\ShaderClasses</Filter>
    </ClCompile>
    <ClCompile Include="colorshaderclass.cpp">
      <Filter>Source Files\ShaderClasses</Filter>
    </ClCompile>
    <ClCompile Include="inputclass.cpp">
      <Filter>Source Files\System</Filter>
    </ClCompile>
    <ClCompile Include="systemclass.cpp">
      <Filter>Source Files\System</Filter>
    </ClCompile>
    <ClCompile Include="modelclass.cpp">
      <Filter>Source Files\Model</Filter>
    </ClCompile>
    <ClCompile Include="OBJImporter.cpp">
      <Filter>Source Files\Importers</Filter>
    </ClCompile>
    <ClCompile Include="graphicsclass.cpp">
      <Filter>Source Files</Filter>
    </ClCompile>
    <ClCompile Include="scenenode.cpp">
      <Filter>Source Files\SceneNodes</Filter>
    </ClCompile>
    <ClCompile Include="fontclass.cpp">
      <Filter>Source Files\Graphics</Filter>
    </ClCompile>
    <ClCompile Include="fontshaderclass.cpp">
      <Filter>Source Files\ShaderClasses</Filter>
    </ClCompile>
    <ClCompile Include="bitmapclass.cpp">
      <Filter>Source Files\Model</Filter>
    </ClCompile>
    <ClCompile Include="textclass.cpp">
      <Filter>Source Files\Graphics</Filter>
    </ClCompile>
    <ClCompile Include="fpsclass.cpp">
      <Filter>Source Files\System</Filter>
    </ClCompile>
    <ClCompile Include="cpuclass.cpp">
      <Filter>Source Files\System</Filter>
    </ClCompile>
    <ClCompile Include="timerclass.cpp">
      <Filter>Source Files\System</Filter>
    </ClCompile>
    <ClCompile Include="frustumclass.cpp">
      <Filter>Source Files\Graphics</Filter>
    </ClCompile>
    <ClCompile Include="scenenodelist.cpp">
      <Filter>Source Files\SceneNodes</Filter>
    </ClCompile>
  </ItemGroup>
  <ItemGroup>
    <ClInclude Include="colorshaderclass.h">
      <Filter>Header Files\ShaderClasses</Filter>
    </ClInclude>
    <ClInclude Include="lightshaderclass.h">
      <Filter>Header Files\ShaderClasses</Filter>
    </ClInclude>
    <ClInclude Include="textureshaderclass.h">
      <Filter>Header Files\ShaderClasses</Filter>
    </ClInclude>
    <ClInclude Include="cameraclass.h">
      <Filter>Header Files\Graphics</Filter>
    </ClInclude>
    <ClInclude Include="d3dclass.h">
      <Filter>Header Files\Graphics</Filter>
    </ClInclude>
    <ClInclude Include="lightclass.h">
      <Filter>Header Files\Graphics</Filter>
    </ClInclude>
    <ClInclude Include="textureclass.h">
      <Filter>Header Files\Graphics</Filter>
    </ClInclude>
    <ClInclude Include="modelclass.h">
      <Filter>Header Files\Model</Filter>
    </ClInclude>
    <ClInclude Include="inputclass.h">
      <Filter>Header Files\System</Filter>
    </ClInclude>
    <ClInclude Include="systemclass.h">
      <Filter>Header Files\System</Filter>
    </ClInclude>
    <ClInclude Include="OBJImporter.h">
      <Filter>Header Files\Importers</Filter>
    </ClInclude>
    <ClInclude Include="graphicsclass.h">
      <Filter>Header Files</Filter>
    </ClInclude>
    <ClInclude Include="scenenode.h">
      <Filter>Header Files\SceneNodes</Filter>
    </ClInclude>
    <ClInclude Include="fontclass.h">
      <Filter>Header Files\Graphics</Filter>
    </ClInclude>
    <ClInclude Include="fontshaderclass.h">
      <Filter>Header Files\ShaderClasses</Filter>
    </ClInclude>
    <ClInclude Include="bitmapclass.h">
      <Filter>Header Files\Model</Filter>
    </ClInclude>
    <ClInclude Include="textclass.h">
      <Filter>Header Files\Graphics</Filter>
    </ClInclude>
    <ClInclude Include="fpsclass.h">
      <Filter>Header Files\System</Filter>
    </ClInclude>
    <ClInclude Include="cpuclass.h">
      <Filter>Header Files\System</Filter>
    </ClInclude>
    <ClInclude Include="timerclass.h">
      <Filter>Header Files\System</Filter>
    </ClInclude>
    <ClInclude Include="frustumclass.h">
      <Filter>Header Files\Graphics</Filter>
    </ClInclude>
    <ClInclude Include="scenenodelist.h">
      <Filter>Header Files\SceneNodes</Filter>
    </ClInclude>
  </ItemGroup>
  <ItemGroup>
    <None Include="light.ps">
      <Filter>Shaders</Filter>
    </None>
    <None Include="light.vs">
      <Filter>Shaders</Filter>
    </None>
  </ItemGroup>
</Project>